
Microsoft Visual Studio Solution File, Format Version 12.00
# Visual Studio 2012
Project("{FAE04EC0-301F-11D3-BF4B-00C04F79EFBC}") = "DumpPort", "DumpPort\DumpPort.csproj", "{8E2C04F3-BDE2-49A4-8736-DE12944D5DDF}"
EndProject
Project("{FAE04EC0-301F-11D3-BF4B-00C04F79EFBC}") = "Brightness", "Brightness\Brightness.csproj", "{69478AA7-1EA8-4E2F-8FEC-CCBA16D01F02}"
EndProject
Project("{FAE04EC0-301F-11D3-BF4B-00C04F79EFBC}") = "NotifyIconTest", "NotifyIconTest\NotifyIconTest.csproj", "{E429E38A-3544-4D9A-95CB-38D4894BFAFB}"
EndProject
Project("{FAE04EC0-301F-11D3-BF4B-00C04F79EFBC}") = "HotKeyTest", "HotKeyTest\HotKeyTest.csproj", "{178F096C-2B4B-4EC5-B3EB-F737EF0AD908}"
EndProject
Project("{FAE04EC0-301F-11D3-BF4B-00C04F79EFBC}") = "AudioVolumnChange", "AudioVolumnChange\AudioVolumnChange.csproj", "{D9FCEF27-4F21-42B3-A630-E105BC3023EE}"
EndProject
Project("{FAE04EC0-301F-11D3-BF4B-00C04F79EFBC}") = "ByteConvert", "ByteConvert\ByteConvert.csproj", "{1CD8C68D-88A6-4534-AACD-F4C1DC572C44}"
EndProject
Global
	GlobalSection(SolutionConfigurationPlatforms) = preSolution
		Debug|Any CPU = Debug|Any CPU
		Debug|Mixed Platforms = Debug|Mixed Platforms
		Debug|x86 = Debug|x86
		Release|Any CPU = Release|Any CPU
		Release|Mixed Platforms = Release|Mixed Platforms
		Release|x86 = Release|x86
	EndGlobalSection
	GlobalSection(ProjectConfigurationPlatforms) = postSolution
		{8E2C04F3-BDE2-49A4-8736-DE12944D5DDF}.Debug|Any CPU.ActiveCfg = Debug|Any CPU
		{8E2C04F3-BDE2-49A4-8736-DE12944D5DDF}.Debug|Any CPU.Build.0 = Debug|Any CPU
		{8E2C04F3-BDE2-49A4-8736-DE12944D5DDF}.Debug|Mixed Platforms.ActiveCfg = Debug|x86
		{8E2C04F3-BDE2-49A4-8736-DE12944D5DDF}.Debug|Mixed Platforms.Build.0 = Debug|x86
		{8E2C04F3-BDE2-49A4-8736-DE12944D5DDF}.Debug|x86.ActiveCfg = Debug|x86
		{8E2C04F3-BDE2-49A4-8736-DE12944D5DDF}.Debug|x86.Build.0 = Debug|x86
		{8E2C04F3-BDE2-49A4-8736-DE12944D5DDF}.Release|Any CPU.ActiveCfg = Release|Any CPU
		{8E2C04F3-BDE2-49A4-8736-DE12944D5DDF}.Release|Any CPU.Build.0 = Release|Any CPU
		{8E2C04F3-BDE2-49A4-8736-DE12944D5DDF}.Release|Mixed Platforms.ActiveCfg = Release|x86
		{8E2C04F3-BDE2-49A4-8736-DE12944D5DDF}.Release|Mixed Platforms.Build.0 = Release|x86
		{8E2C04F3-BDE2-49A4-8736-DE12944D5DDF}.Release|x86.ActiveCfg = Release|x86
		{8E2C04F3-BDE2-49A4-8736-DE12944D5DDF}.Release|x86.Build.0 = Release|x86
		{69478AA7-1EA8-4E2F-8FEC-CCBA16D01F02}.Debug|Any CPU.ActiveCfg = Debug|Any CPU
		{69478AA7-1EA8-4E2F-8FEC-CCBA16D01F02}.Debug|Any CPU.Build.0 = Debug|Any CPU
		{69478AA7-1EA8-4E2F-8FEC-CCBA16D01F02}.Debug|Mixed Platforms.ActiveCfg = Debug|Any CPU
		{69478AA7-1EA8-4E2F-8FEC-CCBA16D01F02}.Debug|Mixed Platforms.Build.0 = Debug|Any CPU
		{69478AA7-1EA8-4E2F-8FEC-CCBA16D01F02}.Debug|x86.ActiveCfg = Debug|Any CPU
		{69478AA7-1EA8-4E2F-8FEC-CCBA16D01F02}.Release|Any CPU.ActiveCfg = Release|Any CPU
		{69478AA7-1EA8-4E2F-8FEC-CCBA16D01F02}.Release|Any CPU.Build.0 = Release|Any CPU
		{69478AA7-1EA8-4E2F-8FEC-CCBA16D01F02}.Release|Mixed Platforms.ActiveCfg = Release|Any CPU
		{69478AA7-1EA8-4E2F-8FEC-CCBA16D01F02}.Release|Mixed Platforms.Build.0 = Release|Any CPU
		{69478AA7-1EA8-4E2F-8FEC-CCBA16D01F02}.Release|x86.ActiveCfg = Release|Any CPU
		{E429E38A-3544-4D9A-95CB-38D4894BFAFB}.Debug|Any CPU.ActiveCfg = Debug|Any CPU
		{E429E38A-3544-4D9A-95CB-38D4894BFAFB}.Debug|Any CPU.Build.0 = Debug|Any CPU
		{E429E38A-3544-4D9A-95CB-38D4894BFAFB}.Debug|Mixed Platforms.ActiveCfg = Debug|Any CPU
		{E429E38A-3544-4D9A-95CB-38D4894BFAFB}.Debug|Mixed Platforms.Build.0 = Debug|Any CPU
		{E429E38A-3544-4D9A-95CB-38D4894BFAFB}.Debug|x86.ActiveCfg = Debug|Any CPU
		{E429E38A-3544-4D9A-95CB-38D4894BFAFB}.Release|Any CPU.ActiveCfg = Release|Any CPU
		{E429E38A-3544-4D9A-95CB-38D4894BFAFB}.Release|Any CPU.Build.0 = Release|Any CPU
		{E429E38A-3544-4D9A-95CB-38D4894BFAFB}.Release|Mixed Platforms.ActiveCfg = Release|Any CPU
		{E429E38A-3544-4D9A-95CB-38D4894BFAFB}.Release|Mixed Platforms.Build.0 = Release|Any CPU
		{E429E38A-3544-4D9A-95CB-38D4894BFAFB}.Release|x86.ActiveCfg = Release|Any CPU
		{E429E38A-3544-4D9A-95CB-38D4894BFAFB}.Release|x86.Build.0 = Release|Any CPU
		{178F096C-2B4B-4EC5-B3EB-F737EF0AD908}.Debug|Any CPU.ActiveCfg = Debug|Any CPU
		{178F096C-2B4B-4EC5-B3EB-F737EF0AD908}.Debug|Any CPU.Build.0 = Debug|Any CPU
		{178F096C-2B4B-4EC5-B3EB-F737EF0AD908}.Debug|Mixed Platforms.ActiveCfg = Debug|Any CPU
		{178F096C-2B4B-4EC5-B3EB-F737EF0AD908}.Debug|Mixed Platforms.Build.0 = Debug|Any CPU
		{178F096C-2B4B-4EC5-B3EB-F737EF0AD908}.Debug|x86.ActiveCfg = Debug|Any CPU
		{178F096C-2B4B-4EC5-B3EB-F737EF0AD908}.Release|Any CPU.ActiveCfg = Release|Any CPU
		{178F096C-2B4B-4EC5-B3EB-F737EF0AD908}.Release|Any CPU.Build.0 = Release|Any CPU
		{178F096C-2B4B-4EC5-B3EB-F737EF0AD908}.Release|Mixed Platforms.ActiveCfg = Release|Any CPU
		{178F096C-2B4B-4EC5-B3EB-F737EF0AD908}.Release|Mixed Platforms.Build.0 = Release|Any CPU
		{178F096C-2B4B-4EC5-B3EB-F737EF0AD908}.Release|x86.ActiveCfg = Release|Any CPU
		{D9FCEF27-4F21-42B3-A630-E105BC3023EE}.Debug|Any CPU.ActiveCfg = Debug|Any CPU
		{D9FCEF27-4F21-42B3-A630-E105BC3023EE}.Debug|Any CPU.Build.0 = Debug|Any CPU
		{D9FCEF27-4F21-42B3-A630-E105BC3023EE}.Debug|Mixed Platforms.ActiveCfg = Debug|Any CPU
		{D9FCEF27-4F21-42B3-A630-E105BC3023EE}.Debug|Mixed Platforms.Build.0 = Debug|Any CPU
		{D9FCEF27-4F21-42B3-A630-E105BC3023EE}.Debug|x86.ActiveCfg = Debug|Any CPU
		{D9FCEF27-4F21-42B3-A630-E105BC3023EE}.Release|Any CPU.ActiveCfg = Release|Any CPU
		{D9FCEF27-4F21-42B3-A630-E105BC3023EE}.Release|Any CPU.Build.0 = Release|Any CPU
		{D9FCEF27-4F21-42B3-A630-E105BC3023EE}.Release|Mixed Platforms.ActiveCfg = Release|Any CPU
		{D9FCEF27-4F21-42B3-A630-E105BC3023EE}.Release|Mixed Platforms.Build.0 = Release|Any CPU
		{D9FCEF27-4F21-42B3-A630-E105BC3023EE}.Release|x86.ActiveCfg = Release|Any CPU
		{1CD8C68D-88A6-4534-AACD-F4C1DC572C44}.Debug|Any CPU.ActiveCfg = Debug|Any CPU
		{1CD8C68D-88A6-4534-AACD-F4C1DC572C44}.Debug|Any CPU.Build.0 = Debug|Any CPU
		{1CD8C68D-88A6-4534-AACD-F4C1DC572C44}.Debug|Mixed Platforms.ActiveCfg = Debug|Any CPU
		{1CD8C68D-88A6-4534-AACD-F4C1DC572C44}.Debug|Mixed Platforms.Build.0 = Debug|Any CPU
		{1CD8C68D-88A6-4534-AACD-F4C1DC572C44}.Debug|x86.ActiveCfg = Debug|Any CPU
		{1CD8C68D-88A6-4534-AACD-F4C1DC572C44}.Release|Any CPU.ActiveCfg = Release|Any CPU
		{1CD8C68D-88A6-4534-AACD-F4C1DC572C44}.Release|Any CPU.Build.0 = Release|Any CPU
		{1CD8C68D-88A6-4534-AACD-F4C1DC572C44}.Release|Mixed Platforms.ActiveCfg = Release|Any CPU
		{1CD8C68D-88A6-4534-AACD-F4C1DC572C44}.Release|Mixed Platforms.Build.0 = Release|Any CPU
		{1CD8C68D-88A6-4534-AACD-F4C1DC572C44}.Release|x86.ActiveCfg = Release|Any CPU
	EndGlobalSection
	GlobalSection(SolutionProperties) = preSolution
		HideSolutionNode = FALSE
	EndGlobalSection
EndGlobal
